
Microsoft Visual Studio Solution File, Format Version 12.00
# Visual Studio Version 17
VisualStudioVersion = 17.0.32014.148
MinimumVisualStudioVersion = 10.0.40219.1
Project("{F184B08F-C81C-45F6-A57F-5ABD9991F28F}") = "RichKorf_Assignment_2", "RichKorf_Assignment_2\RichKorf_Assignment_2.vbproj", "{0178D007-A28E-43F6-B10A-BABAE2C7EA14}"
EndProject
Global
	GlobalSection(SolutionConfigurationPlatforms) = preSolution
		Debug|Any CPU = Debug|Any CPU
		Release|Any CPU = Release|Any CPU
	EndGlobalSection
	GlobalSection(ProjectConfigurationPlatforms) = postSolution
		{0178D007-A28E-43F6-B10A-BABAE2C7EA14}.Debug|Any CPU.ActiveCfg = Debug|Any CPU
		{0178D007-A28E-43F6-B10A-BABAE2C7EA14}.Debug|Any CPU.Build.0 = Debug|Any CPU
		{0178D007-A28E-43F6-B10A-BABAE2C7EA14}.Release|Any CPU.ActiveCfg = Release|Any CPU
		{0178D007-A28E-43F6-B10A-BABAE2C7EA14}.Release|Any CPU.Build.0 = Release|Any CPU
	EndGlobalSection
	GlobalSection(SolutionProperties) = preSolution
		HideSolutionNode = FALSE
	EndGlobalSection
	GlobalSection(ExtensibilityGlobals) = postSolution
		SolutionGuid = {FAB44DF3-C6AC-420D-AA8F-B817E610F3FB}
	EndGlobalSection
EndGlobal
